// !$*UTF8*$!
{
	archiveVersion = 1;
	classes = {
	};
	objectVersion = 46;
	objects = {

/* Begin PBXBuildFile section */
		4BF80B8E1FB80E50005ABB57 /* AppDelegate.swift in Sources */ = {isa = PBXBuildFile; fileRef = 4BF80B8D1FB80E50005ABB57 /* AppDelegate.swift */; };
		4BF80B901FB80E50005ABB57 /* MainVC.swift in Sources */ = {isa = PBXBuildFile; fileRef = 4BF80B8F1FB80E50005ABB57 /* MainVC.swift */; };
		4BF80B931FB80E50005ABB57 /* Main.storyboard in Resources */ = {isa = PBXBuildFile; fileRef = 4BF80B911FB80E50005ABB57 /* Main.storyboard */; };
		4BF80B961FB80E50005ABB57 /* DreamLister.xcdatamodeld in Sources */ = {isa = PBXBuildFile; fileRef = 4BF80B941FB80E50005ABB57 /* DreamLister.xcdatamodeld */; };
		4BF80B981FB80E50005ABB57 /* Assets.xcassets in Resources */ = {isa = PBXBuildFile; fileRef = 4BF80B971FB80E50005ABB57 /* Assets.xcassets */; };
		4BF80B9B1FB80E50005ABB57 /* LaunchScreen.storyboard in Resources */ = {isa = PBXBuildFile; fileRef = 4BF80B991FB80E50005ABB57 /* LaunchScreen.storyboard */; };
		4BF80BC41FB8366C005ABB57 /* Store+CoreDataClass.swift in Sources */ = {isa = PBXBuildFile; fileRef = 4BF80BBC1FB8366C005ABB57 /* Store+CoreDataClass.swift */; };
		4BF80BC51FB8366C005ABB57 /* Store+CoreDataProperties.swift in Sources */ = {isa = PBXBuildFile; fileRef = 4BF80BBD1FB8366C005ABB57 /* Store+CoreDataProperties.swift */; };
		4BF80BC61FB8366C005ABB57 /* Image+CoreDataClass.swift in Sources */ = {isa = PBXBuildFile; fileRef = 4BF80BBE1FB8366C005ABB57 /* Image+CoreDataClass.swift */; };
		4BF80BC71FB8366C005ABB57 /* Image+CoreDataProperties.swift in Sources */ = {isa = PBXBuildFile; fileRef = 4BF80BBF1FB8366C005ABB57 /* Image+CoreDataProperties.swift */; };
		4BF80BC81FB8366C005ABB57 /* ItemType+CoreDataClass.swift in Sources */ = {isa = PBXBuildFile; fileRef = 4BF80BC01FB8366C005ABB57 /* ItemType+CoreDataClass.swift */; };
		4BF80BC91FB8366C005ABB57 /* ItemType+CoreDataProperties.swift in Sources */ = {isa = PBXBuildFile; fileRef = 4BF80BC11FB8366C005ABB57 /* ItemType+CoreDataProperties.swift */; };
		4BF80BCA1FB8366C005ABB57 /* Item+CoreDataClass.swift in Sources */ = {isa = PBXBuildFile; fileRef = 4BF80BC21FB8366C005ABB57 /* Item+CoreDataClass.swift */; };
		4BF80BCB1FB8366C005ABB57 /* Item+CoreDataProperties.swift in Sources */ = {isa = PBXBuildFile; fileRef = 4BF80BC31FB8366C005ABB57 /* Item+CoreDataProperties.swift */; };
		4BF80BCE1FB84AA1005ABB57 /* MaterialView.swift in Sources */ = {isa = PBXBuildFile; fileRef = 4BF80BCD1FB84AA1005ABB57 /* MaterialView.swift */; };
		4BF80BD01FB84CCB005ABB57 /* ItemCell.swift in Sources */ = {isa = PBXBuildFile; fileRef = 4BF80BCF1FB84CCB005ABB57 /* ItemCell.swift */; };
/* End PBXBuildFile section */

/* Begin PBXFileReference section */
		4BF80B8A1FB80E50005ABB57 /* DreamLister.app */ = {isa = PBXFileReference; explicitFileType = wrapper.application; includeInIndex = 0; path = DreamLister.app; sourceTree = BUILT_PRODUCTS_DIR; };
		4BF80B8D1FB80E50005ABB57 /* AppDelegate.swift */ = {isa = PBXFileReference; lastKnownFileType = sourcecode.swift; path = AppDelegate.swift; sourceTree = "<group>"; };
		4BF80B8F1FB80E50005ABB57 /* MainVC.swift */ = {isa = PBXFileReference; lastKnownFileType = sourcecode.swift; path = MainVC.swift; sourceTree = "<group>"; };
		4BF80B921FB80E50005ABB57 /* Base */ = {isa = PBXFileReference; lastKnownFileType = file.storyboard; name = Base; path = Base.lproj/Main.storyboard; sourceTree = "<group>"; };
		4BF80B951FB80E50005ABB57 /* DreamLister.xcdatamodel */ = {isa = PBXFileReference; lastKnownFileType = wrapper.xcdatamodel; path = DreamLister.xcdatamodel; sourceTree = "<group>"; };
		4BF80B971FB80E50005ABB57 /* Assets.xcassets */ = {isa = PBXFileReference; lastKnownFileType = folder.assetcatalog; path = Assets.xcassets; sourceTree = "<group>"; };
		4BF80B9A1FB80E50005ABB57 /* Base */ = {isa = PBXFileReference; lastKnownFileType = file.storyboard; name = Base; path = Base.lproj/LaunchScreen.storyboard; sourceTree = "<group>"; };
		4BF80B9C1FB80E50005ABB57 /* Info.plist */ = {isa = PBXFileReference; lastKnownFileType = text.plist.xml; path = Info.plist; sourceTree = "<group>"; };
		4BF80BBC1FB8366C005ABB57 /* Store+CoreDataClass.swift */ = {isa = PBXFileReference; fileEncoding = 4; lastKnownFileType = sourcecode.swift; path = "Store+CoreDataClass.swift"; sourceTree = "<group>"; };
		4BF80BBD1FB8366C005ABB57 /* Store+CoreDataProperties.swift */ = {isa = PBXFileReference; fileEncoding = 4; lastKnownFileType = sourcecode.swift; path = "Store+CoreDataProperties.swift"; sourceTree = "<group>"; };
		4BF80BBE1FB8366C005ABB57 /* Image+CoreDataClass.swift */ = {isa = PBXFileReference; fileEncoding = 4; lastKnownFileType = sourcecode.swift; path = "Image+CoreDataClass.swift"; sourceTree = "<group>"; };
		4BF80BBF1FB8366C005ABB57 /* Image+CoreDataProperties.swift */ = {isa = PBXFileReference; fileEncoding = 4; lastKnownFileType = sourcecode.swift; path = "Image+CoreDataProperties.swift"; sourceTree = "<group>"; };
		4BF80BC01FB8366C005ABB57 /* ItemType+CoreDataClass.swift */ = {isa = PBXFileReference; fileEncoding = 4; lastKnownFileType = sourcecode.swift; path = "ItemType+CoreDataClass.swift"; sourceTree = "<group>"; };
		4BF80BC11FB8366C005ABB57 /* ItemType+CoreDataProperties.swift */ = {isa = PBXFileReference; fileEncoding = 4; lastKnownFileType = sourcecode.swift; path = "ItemType+CoreDataProperties.swift"; sourceTree = "<group>"; };
		4BF80BC21FB8366C005ABB57 /* Item+CoreDataClass.swift */ = {isa = PBXFileReference; fileEncoding = 4; lastKnownFileType = sourcecode.swift; path = "Item+CoreDataClass.swift"; sourceTree = "<group>"; };
		4BF80BC31FB8366C005ABB57 /* Item+CoreDataProperties.swift */ = {isa = PBXFileReference; fileEncoding = 4; lastKnownFileType = sourcecode.swift; path = "Item+CoreDataProperties.swift"; sourceTree = "<group>"; };
		4BF80BCD1FB84AA1005ABB57 /* MaterialView.swift */ = {isa = PBXFileReference; fileEncoding = 4; lastKnownFileType = sourcecode.swift; path = MaterialView.swift; sourceTree = "<group>"; };
		4BF80BCF1FB84CCB005ABB57 /* ItemCell.swift */ = {isa = PBXFileReference; fileEncoding = 4; lastKnownFileType = sourcecode.swift; path = ItemCell.swift; sourceTree = "<group>"; };
/* End PBXFileReference section */

/* Begin PBXFrameworksBuildPhase section */
		4BF80B871FB80E50005ABB57 /* Frameworks */ = {
			isa = PBXFrameworksBuildPhase;
			buildActionMask = 2147483647;
			files = (
			);
			runOnlyForDeploymentPostprocessing = 0;
		};
/* End PBXFrameworksBuildPhase section */

/* Begin PBXGroup section */
		4BF80B811FB80E50005ABB57 = {
			isa = PBXGroup;
			children = (
				4BF80B8C1FB80E50005ABB57 /* DreamLister */,
				4BF80B8B1FB80E50005ABB57 /* Products */,
			);
			sourceTree = "<group>";
		};
		4BF80B8B1FB80E50005ABB57 /* Products */ = {
			isa = PBXGroup;
			children = (
				4BF80B8A1FB80E50005ABB57 /* DreamLister.app */,
			);
			name = Products;
			sourceTree = "<group>";
		};
		4BF80B8C1FB80E50005ABB57 /* DreamLister */ = {
			isa = PBXGroup;
			children = (
				4BF80BCC1FB84A78005ABB57 /* View */,
				4BF80BB21FB812B2005ABB57 /* Model */,
				4BF80B8D1FB80E50005ABB57 /* AppDelegate.swift */,
				4BF80B8F1FB80E50005ABB57 /* MainVC.swift */,
				4BF80B911FB80E50005ABB57 /* Main.storyboard */,
				4BF80B971FB80E50005ABB57 /* Assets.xcassets */,
				4BF80B991FB80E50005ABB57 /* LaunchScreen.storyboard */,
				4BF80B9C1FB80E50005ABB57 /* Info.plist */,
				4BF80B941FB80E50005ABB57 /* DreamLister.xcdatamodeld */,
			);
			path = DreamLister;
			sourceTree = "<group>";
		};
		4BF80BB21FB812B2005ABB57 /* Model */ = {
			isa = PBXGroup;
			children = (
				4BF80BBC1FB8366C005ABB57 /* Store+CoreDataClass.swift */,
				4BF80BBE1FB8366C005ABB57 /* Image+CoreDataClass.swift */,
				4BF80BC01FB8366C005ABB57 /* ItemType+CoreDataClass.swift */,
				4BF80BC21FB8366C005ABB57 /* Item+CoreDataClass.swift */,
				4BF80BB31FB812B8005ABB57 /* generated */,
			);
			name = Model;
			sourceTree = "<group>";
		};
		4BF80BB31FB812B8005ABB57 /* generated */ = {
			isa = PBXGroup;
			children = (
				4BF80BBD1FB8366C005ABB57 /* Store+CoreDataProperties.swift */,
				4BF80BBF1FB8366C005ABB57 /* Image+CoreDataProperties.swift */,
				4BF80BC11FB8366C005ABB57 /* ItemType+CoreDataProperties.swift */,
				4BF80BC31FB8366C005ABB57 /* Item+CoreDataProperties.swift */,
			);
			name = generated;
			sourceTree = "<group>";
		};
		4BF80BCC1FB84A78005ABB57 /* View */ = {
			isa = PBXGroup;
			children = (
				4BF80BCD1FB84AA1005ABB57 /* MaterialView.swift */,
				4BF80BCF1FB84CCB005ABB57 /* ItemCell.swift */,
			);
			name = View;
			sourceTree = "<group>";
		};
/* End PBXGroup section */

/* Begin PBXNativeTarget section */
		4BF80B891FB80E50005ABB57 /* DreamLister */ = {
			isa = PBXNativeTarget;
			buildConfigurationList = 4BF80B9F1FB80E50005ABB57 /* Build configuration list for PBXNativeTarget "DreamLister" */;
			buildPhases = (
				4BF80B861FB80E50005ABB57 /* Sources */,
				4BF80B871FB80E50005ABB57 /* Frameworks */,
				4BF80B881FB80E50005ABB57 /* Resources */,
			);
			buildRules = (
			);
			dependencies = (
			);
			name = DreamLister;
			productName = DreamLister;
			productReference = 4BF80B8A1FB80E50005ABB57 /* DreamLister.app */;
			productType = "com.apple.product-type.application";
		};
/* End PBXNativeTarget section */

/* Begin PBXProject section */
		4BF80B821FB80E50005ABB57 /* Project object */ = {
			isa = PBXProject;
			attributes = {
				LastSwiftUpdateCheck = 0830;
				LastUpgradeCheck = 0830;
				ORGANIZATIONNAME = Andi;
				TargetAttributes = {
					4BF80B891FB80E50005ABB57 = {
						CreatedOnToolsVersion = 8.3.3;
						LastSwiftMigration = 0830;
						ProvisioningStyle = Automatic;
					};
				};
			};
			buildConfigurationList = 4BF80B851FB80E50005ABB57 /* Build configuration list for PBXProject "DreamLister" */;
			compatibilityVersion = "Xcode 3.2";
			developmentRegion = English;
			hasScannedForEncodings = 0;
			knownRegions = (
				en,
				Base,
			);
			mainGroup = 4BF80B811FB80E50005ABB57;
			productRefGroup = 4BF80B8B1FB80E50005ABB57 /* Products */;
			projectDirPath = "";
			projectRoot = "";
			targets = (
				4BF80B891FB80E50005ABB57 /* DreamLister */,
			);
		};
/* End PBXProject section */

/* Begin PBXResourcesBuildPhase section */
		4BF80B881FB80E50005ABB57 /* Resources */ = {
			isa = PBXResourcesBuildPhase;
			buildActionMask = 2147483647;
			files = (
				4BF80B9B1FB80E50005ABB57 /* LaunchScreen.storyboard in Resources */,
				4BF80B981FB80E50005ABB57 /* Assets.xcassets in Resources */,
				4BF80B931FB80E50005ABB57 /* Main.storyboard in Resources */,
			);
			runOnlyForDeploymentPostprocessing = 0;
		};
/* End PBXResourcesBuildPhase section */

/* Begin PBXSourcesBuildPhase section */
		4BF80B861FB80E50005ABB57 /* Sources */ = {
			isa = PBXSourcesBuildPhase;
			buildActionMask = 2147483647;
			files = (
				4BF80BD01FB84CCB005ABB57 /* ItemCell.swift in Sources */,
				4BF80BCA1FB8366C005ABB57 /* Item+CoreDataClass.swift in Sources */,
				4BF80BC51FB8366C005ABB57 /* Store+CoreDataProperties.swift in Sources */,
				4BF80B901FB80E50005ABB57 /* MainVC.swift in Sources */,
				4BF80BCE1FB84AA1005ABB57 /* MaterialView.swift in Sources */,
				4BF80BC91FB8366C005ABB57 /* ItemType+CoreDataProperties.swift in Sources */,
				4BF80BC41FB8366C005ABB57 /* Store+CoreDataClass.swift in Sources */,
				4BF80BC61FB8366C005ABB57 /* Image+CoreDataClass.swift in Sources */,
				4BF80BC81FB8366C005ABB57 /* ItemType+CoreDataClass.swift in Sources */,
				4BF80B8E1FB80E50005ABB57 /* AppDelegate.swift in Sources */,
				4BF80B961FB80E50005ABB57 /* DreamLister.xcdatamodeld in Sources */,
				4BF80BCB1FB8366C005ABB57 /* Item+CoreDataProperties.swift in Sources */,
				4BF80BC71FB8366C005ABB57 /* Image+CoreDataProperties.swift in Sources */,
			);
			runOnlyForDeploymentPostprocessing = 0;
		};
/* End PBXSourcesBuildPhase section */

/* Begin PBXVariantGroup section */
		4BF80B911FB80E50005ABB57 /* Main.storyboard */ = {
			isa = PBXVariantGroup;
			children = (
				4BF80B921FB80E50005ABB57 /* Base */,
			);
			name = Main.storyboard;
			sourceTree = "<group>";
		};
		4BF80B991FB80E50005ABB57 /* LaunchScreen.storyboard */ = {
			isa = PBXVariantGroup;
			children = (
				4BF80B9A1FB80E50005ABB57 /* Base */,
			);
			name = LaunchScreen.storyboard;
			sourceTree = "<group>";
		};
/* End PBXVariantGroup section */

/* Begin XCBuildConfiguration section */
		4BF80B9D1FB80E50005ABB57 /* Debug */ = {
			isa = XCBuildConfiguration;
			buildSettings = {
				ALWAYS_SEARCH_USER_PATHS = NO;
				CLANG_ANALYZER_NONNULL = YES;
				CLANG_ANALYZER_NUMBER_OBJECT_CONVERSION = YES_AGGRESSIVE;
				CLANG_CXX_LANGUAGE_STANDARD = "gnu++0x";
				CLANG_CXX_LIBRARY = "libc++";
				CLANG_ENABLE_MODULES = YES;
				CLANG_ENABLE_OBJC_ARC = YES;
				CLANG_WARN_BOOL_CONVERSION = YES;
				CLANG_WARN_CONSTANT_CONVERSION = YES;
				CLANG_WARN_DIRECT_OBJC_ISA_USAGE = YES_ERROR;
				CLANG_WARN_DOCUMENTATION_COMMENTS = YES;
				CLANG_WARN_EMPTY_BODY = YES;
				CLANG_WARN_ENUM_CONVERSION = YES;
				CLANG_WARN_INFINITE_RECURSION = YES;
				CLANG_WARN_INT_CONVERSION = YES;
				CLANG_WARN_OBJC_ROOT_CLASS = YES_ERROR;
				CLANG_WARN_SUSPICIOUS_MOVE = YES;
				CLANG_WARN_UNREACHABLE_CODE = YES;
				CLANG_WARN__DUPLICATE_METHOD_MATCH = YES;
				"CODE_SIGN_IDENTITY[sdk=iphoneos*]" = "iPhone Developer";
				COPY_PHASE_STRIP = NO;
				DEBUG_INFORMATION_FORMAT = dwarf;
				ENABLE_STRICT_OBJC_MSGSEND = YES;
				ENABLE_TESTABILITY = YES;
				GCC_C_LANGUAGE_STANDARD = gnu99;
				GCC_DYNAMIC_NO_PIC = NO;
				GCC_NO_COMMON_BLOCKS = YES;
				GCC_OPTIMIZATION_LEVEL = 0;
				GCC_PREPROCESSOR_DEFINITIONS = (
					"DEBUG=1",
					"$(inherited)",
				);
				GCC_WARN_64_TO_32_BIT_CONVERSION = YES;
				GCC_WARN_ABOUT_RETURN_TYPE = YES_ERROR;
				GCC_WARN_UNDECLARED_SELECTOR = YES;
				GCC_WARN_UNINITIALIZED_AUTOS = YES_AGGRESSIVE;
				GCC_WARN_UNUSED_FUNCTION = YES;
				GCC_WARN_UNUSED_VARIABLE = YES;
				IPHONEOS_DEPLOYMENT_TARGET = 10.3;
				MTL_ENABLE_DEBUG_INFO = YES;
				ONLY_ACTIVE_ARCH = YES;
				SDKROOT = iphoneos;
				SWIFT_ACTIVE_COMPILATION_CONDITIONS = DEBUG;
				SWIFT_OPTIMIZATION_LEVEL = "-Onone";
			};
			name = Debug;
		};
		4BF80B9E1FB80E50005ABB57 /* Release */ = {
			isa = XCBuildConfiguration;
			buildSettings = {
				ALWAYS_SEARCH_USER_PATHS = NO;
				CLANG_ANALYZER_NONNULL = YES;
				CLANG_ANALYZER_NUMBER_OBJECT_CONVERSION = YES_AGGRESSIVE;
				CLANG_CXX_LANGUAGE_STANDARD = "gnu++0x";
				CLANG_CXX_LIBRARY = "libc++";
				CLANG_ENABLE_MODULES = YES;
				CLANG_ENABLE_OBJC_ARC = YES;
				CLANG_WARN_BOOL_CONVERSION = YES;
				CLANG_WARN_CONSTANT_CONVERSION = YES;
				CLANG_WARN_DIRECT_OBJC_ISA_USAGE = YES_ERROR;
				CLANG_WARN_DOCUMENTATION_COMMENTS = YES;
				CLANG_WARN_EMPTY_BODY = YES;
				CLANG_WARN_ENUM_CONVERSION = YES;
				CLANG_WARN_INFINITE_RECURSION = YES;
				CLANG_WARN_INT_CONVERSION = YES;
				CLANG_WARN_OBJC_ROOT_CLASS = YES_ERROR;
				CLANG_WARN_SUSPICIOUS_MOVE = YES;
				CLANG_WARN_UNREACHABLE_CODE = YES;
				CLANG_WARN__DUPLICATE_METHOD_MATCH = YES;
				"CODE_SIGN_IDENTITY[sdk=iphoneos*]" = "iPhone Developer";
				COPY_PHASE_STRIP = NO;
				DEBUG_INFORMATION_FORMAT = "dwarf-with-dsym";
				ENABLE_NS_ASSERTIONS = NO;
				ENABLE_STRICT_OBJC_MSGSEND = YES;
				GCC_C_LANGUAGE_STANDARD = gnu99;
				GCC_NO_COMMON_BLOCKS = YES;
				GCC_WARN_64_TO_32_BIT_CONVERSION = YES;
				GCC_WARN_ABOUT_RETURN_TYPE = YES_ERROR;
				GCC_WARN_UNDECLARED_SELECTOR = YES;
				GCC_WARN_UNINITIALIZED_AUTOS = YES_AGGRESSIVE;
				GCC_WARN_UNUSED_FUNCTION = YES;
				GCC_WARN_UNUSED_VARIABLE = YES;
				IPHONEOS_DEPLOYMENT_TARGET = 10.3;
				MTL_ENABLE_DEBUG_INFO = NO;
				SDKROOT = iphoneos;
				SWIFT_OPTIMIZATION_LEVEL = "-Owholemodule";
				VALIDATE_PRODUCT = YES;
			};
			name = Release;
		};
		4BF80BA01FB80E50005ABB57 /* Debug */ = {
			isa = XCBuildConfiguration;
			buildSettings = {
				ASSETCATALOG_COMPILER_APPICON_NAME = AppIcon;
				INFOPLIST_FILE = DreamLister/Info.plist;
				LD_RUNPATH_SEARCH_PATHS = "$(inherited) @executable_path/Frameworks";
				PRODUCT_BUNDLE_IDENTIFIER = com.AndreasRiexinger.DreamLister;
				PRODUCT_NAME = "$(TARGET_NAME)";
				SWIFT_VERSION = 3.0;
			};
			name = Debug;
		};
		4BF80BA11FB80E50005ABB57 /* Release */ = {
			isa = XCBuildConfiguration;
			buildSettings = {
				ASSETCATALOG_COMPILER_APPICON_NAME = AppIcon;
				INFOPLIST_FILE = DreamLister/Info.plist;
				LD_RUNPATH_SEARCH_PATHS = "$(inherited) @executable_path/Frameworks";
				PRODUCT_BUNDLE_IDENTIFIER = com.AndreasRiexinger.DreamLister;
				PRODUCT_NAME = "$(TARGET_NAME)";
				SWIFT_VERSION = 3.0;
			};
			name = Release;
		};
/* End XCBuildConfiguration section */

/* Begin XCConfigurationList section */
		4BF80B851FB80E50005ABB57 /* Build configuration list for PBXProject "DreamLister" */ = {
			isa = XCConfigurationList;
			buildConfigurations = (
				4BF80B9D1FB80E50005ABB57 /* Debug */,
				4BF80B9E1FB80E50005ABB57 /* Release */,
			);
			defaultConfigurationIsVisible = 0;
			defaultConfigurationName = Release;
		};
		4BF80B9F1FB80E50005ABB57 /* Build configuration list for PBXNativeTarget "DreamLister" */ = {
			isa = XCConfigurationList;
			buildConfigurations = (
				4BF80BA01FB80E50005ABB57 /* Debug */,
				4BF80BA11FB80E50005ABB57 /* Release */,
			);
			defaultConfigurationIsVisible = 0;
			defaultConfigurationName = Release;
		};
/* End XCConfigurationList section */

/* Begin XCVersionGroup section */
		4BF80B941FB80E50005ABB57 /* DreamLister.xcdatamodeld */ = {
			isa = XCVersionGroup;
			children = (
				4BF80B951FB80E50005ABB57 /* DreamLister.xcdatamodel */,
			);
			currentVersion = 4BF80B951FB80E50005ABB57 /* DreamLister.xcdatamodel */;
			path = DreamLister.xcdatamodeld;
			sourceTree = "<group>";
			versionGroupType = wrapper.xcdatamodel;
		};
/* End XCVersionGroup section */
	};
	rootObject = 4BF80B821FB80E50005ABB57 /* Project object */;
}
